
Microsoft Visual Studio Solution File, Format Version 12.00
# Visual Studio Version 16
VisualStudioVersion = 16.0.31911.196
MinimumVisualStudioVersion = 10.0.40219.1
Project("{2150E333-8FDC-42A3-9474-1A3956D46DE8}") = "Application", "Application", "{D36D731C-4F9A-425A-939B-448983D23636}"
EndProject
Project("{2150E333-8FDC-42A3-9474-1A3956D46DE8}") = "Infrastructure.Data", "Infrastructure.Data", "{B6036009-3A88-4878-A0B8-442689224084}"
EndProject
Project("{2150E333-8FDC-42A3-9474-1A3956D46DE8}") = "Domain", "Domain", "{E46DDB43-9529-401E-BA81-75978D5A0487}"
EndProject
Project("{2150E333-8FDC-42A3-9474-1A3956D46DE8}") = "UI.Mvc", "UI.Mvc", "{6918FEFB-5E4F-44B5-B587-06301332A37A}"
EndProject
Project("{2150E333-8FDC-42A3-9474-1A3956D46DE8}") = "Infrastructure.Ioc", "Infrastructure.Ioc", "{1FABFF30-2F6E-4D4B-87AC-AF323584BCBA}"
EndProject
Project("{2150E333-8FDC-42A3-9474-1A3956D46DE8}") = "UnitTests", "UnitTests", "{393D8CEB-53E3-4455-BF33-AB7F81117141}"
EndProject
Project("{9A19103F-16F7-4668-BE54-9A1E7A4F7556}") = "CleanArchitecture.Mvc", "CleanArchitecture.Mvc\CleanArchitecture.Mvc.csproj", "{46C21E52-4E87-4212-AB20-E4CCE0976A94}"
EndProject
Project("{2150E333-8FDC-42A3-9474-1A3956D46DE8}") = "Api", "Api", "{61BF7A74-60F0-4CD9-A31E-25DFFCCE9858}"
EndProject
Project("{9A19103F-16F7-4668-BE54-9A1E7A4F7556}") = "CleanArchitecture.Api", "CleanArchitecture.Api\CleanArchitecture.Api.csproj", "{185AD4B1-BAD1-4216-A4BB-0C17D4F4D89B}"
EndProject
Project("{9A19103F-16F7-4668-BE54-9A1E7A4F7556}") = "CleanArchitecture.Domain", "CleanArchitecture.Domain\CleanArchitecture.Domain.csproj", "{FC233BA1-9007-426B-A8E4-A5D2D9DB85D6}"
EndProject
Project("{9A19103F-16F7-4668-BE54-9A1E7A4F7556}") = "CleanArchitecture.Infrastructure.Data", "CleanArchitecture.Infrastructure.Data\CleanArchitecture.Infrastructure.Data.csproj", "{9ACBB1DC-38E0-4324-9444-A6D6AA8BC9B3}"
EndProject
Project("{FAE04EC0-301F-11D3-BF4B-00C04F79EFBC}") = "CleanArchitecture.Application", "CleanArchitecture.Application\CleanArchitecture.Application.csproj", "{CD27DDAE-594D-4698-A9A9-FC537163CFB8}"
EndProject
Global
	GlobalSection(SolutionConfigurationPlatforms) = preSolution
		Debug|Any CPU = Debug|Any CPU
		Release|Any CPU = Release|Any CPU
	EndGlobalSection
	GlobalSection(ProjectConfigurationPlatforms) = postSolution
		{46C21E52-4E87-4212-AB20-E4CCE0976A94}.Debug|Any CPU.ActiveCfg = Debug|Any CPU
		{46C21E52-4E87-4212-AB20-E4CCE0976A94}.Debug|Any CPU.Build.0 = Debug|Any CPU
		{46C21E52-4E87-4212-AB20-E4CCE0976A94}.Release|Any CPU.ActiveCfg = Release|Any CPU
		{46C21E52-4E87-4212-AB20-E4CCE0976A94}.Release|Any CPU.Build.0 = Release|Any CPU
		{185AD4B1-BAD1-4216-A4BB-0C17D4F4D89B}.Debug|Any CPU.ActiveCfg = Debug|Any CPU
		{185AD4B1-BAD1-4216-A4BB-0C17D4F4D89B}.Debug|Any CPU.Build.0 = Debug|Any CPU
		{185AD4B1-BAD1-4216-A4BB-0C17D4F4D89B}.Release|Any CPU.ActiveCfg = Release|Any CPU
		{185AD4B1-BAD1-4216-A4BB-0C17D4F4D89B}.Release|Any CPU.Build.0 = Release|Any CPU
		{FC233BA1-9007-426B-A8E4-A5D2D9DB85D6}.Debug|Any CPU.ActiveCfg = Debug|Any CPU
		{FC233BA1-9007-426B-A8E4-A5D2D9DB85D6}.Debug|Any CPU.Build.0 = Debug|Any CPU
		{FC233BA1-9007-426B-A8E4-A5D2D9DB85D6}.Release|Any CPU.ActiveCfg = Release|Any CPU
		{FC233BA1-9007-426B-A8E4-A5D2D9DB85D6}.Release|Any CPU.Build.0 = Release|Any CPU
		{9ACBB1DC-38E0-4324-9444-A6D6AA8BC9B3}.Debug|Any CPU.ActiveCfg = Debug|Any CPU
		{9ACBB1DC-38E0-4324-9444-A6D6AA8BC9B3}.Debug|Any CPU.Build.0 = Debug|Any CPU
		{9ACBB1DC-38E0-4324-9444-A6D6AA8BC9B3}.Release|Any CPU.ActiveCfg = Release|Any CPU
		{9ACBB1DC-38E0-4324-9444-A6D6AA8BC9B3}.Release|Any CPU.Build.0 = Release|Any CPU
		{CD27DDAE-594D-4698-A9A9-FC537163CFB8}.Debug|Any CPU.ActiveCfg = Debug|Any CPU
		{CD27DDAE-594D-4698-A9A9-FC537163CFB8}.Debug|Any CPU.Build.0 = Debug|Any CPU
		{CD27DDAE-594D-4698-A9A9-FC537163CFB8}.Release|Any CPU.ActiveCfg = Release|Any CPU
		{CD27DDAE-594D-4698-A9A9-FC537163CFB8}.Release|Any CPU.Build.0 = Release|Any CPU
	EndGlobalSection
	GlobalSection(SolutionProperties) = preSolution
		HideSolutionNode = FALSE
	EndGlobalSection
	GlobalSection(NestedProjects) = preSolution
		{46C21E52-4E87-4212-AB20-E4CCE0976A94} = {6918FEFB-5E4F-44B5-B587-06301332A37A}
		{185AD4B1-BAD1-4216-A4BB-0C17D4F4D89B} = {61BF7A74-60F0-4CD9-A31E-25DFFCCE9858}
		{FC233BA1-9007-426B-A8E4-A5D2D9DB85D6} = {E46DDB43-9529-401E-BA81-75978D5A0487}
		{9ACBB1DC-38E0-4324-9444-A6D6AA8BC9B3} = {B6036009-3A88-4878-A0B8-442689224084}
		{CD27DDAE-594D-4698-A9A9-FC537163CFB8} = {D36D731C-4F9A-425A-939B-448983D23636}
	EndGlobalSection
	GlobalSection(ExtensibilityGlobals) = postSolution
		SolutionGuid = {CC204CF7-32DC-446D-BF14-28B96D9A7D20}
	EndGlobalSection
EndGlobal
